
Microsoft Visual Studio Solution File, Format Version 12.00
# 
Project("{FAE04EC0-301F-11D3-BF4B-00C04F79EFBC}") = "NFCEPS_API", "NFCEPS_API.csproj", "{AC0F54FA-DE0D-4002-9EC0-D46F21E6CE23}"
EndProject
Project("{FAE04EC0-301F-11D3-BF4B-00C04F79EFBC}") = "NFCEPS_UI", "..\NFCEPS_UI\NFCEPS_UI.csproj", "{C4EF1109-C4F0-41C1-B635-8557E3358383}"
EndProject
Project("{42EA0DBD-9CF1-443E-919E-BE9C484E4577}") = "NFCEPS_DB", "..\NFCEPS_DB\NFCEPS_DB.sqlproj", "{C4F27DD5-8194-4F05-AD63-F90107ECCC36}"
EndProject
Project("{FAE04EC0-301F-11D3-BF4B-00C04F79EFBC}") = "NFCEPS_TEST", "..\NFCEPS_TEST\NFCEPS_TEST.csproj", "{D8E78C24-8BDC-4E94-9E27-59216D29512E}"
EndProject
Global
	GlobalSection(SolutionConfigurationPlatforms) = preSolution
		Debug|Any CPU = Debug|Any CPU
		Debug|x64 = Debug|x64
		Debug|x86 = Debug|x86
		Release|Any CPU = Release|Any CPU
		Release|x64 = Release|x64
		Release|x86 = Release|x86
	EndGlobalSection
	GlobalSection(ProjectConfigurationPlatforms) = postSolution
		{AC0F54FA-DE0D-4002-9EC0-D46F21E6CE23}.Debug|Any CPU.ActiveCfg = Debug|Any CPU
		{AC0F54FA-DE0D-4002-9EC0-D46F21E6CE23}.Debug|Any CPU.Build.0 = Debug|Any CPU
		{AC0F54FA-DE0D-4002-9EC0-D46F21E6CE23}.Debug|x64.ActiveCfg = Debug|Any CPU
		{AC0F54FA-DE0D-4002-9EC0-D46F21E6CE23}.Debug|x64.Build.0 = Debug|Any CPU
		{AC0F54FA-DE0D-4002-9EC0-D46F21E6CE23}.Debug|x86.ActiveCfg = Debug|Any CPU
		{AC0F54FA-DE0D-4002-9EC0-D46F21E6CE23}.Debug|x86.Build.0 = Debug|Any CPU
		{AC0F54FA-DE0D-4002-9EC0-D46F21E6CE23}.Release|Any CPU.ActiveCfg = Release|Any CPU
		{AC0F54FA-DE0D-4002-9EC0-D46F21E6CE23}.Release|Any CPU.Build.0 = Release|Any CPU
		{AC0F54FA-DE0D-4002-9EC0-D46F21E6CE23}.Release|x64.ActiveCfg = Release|Any CPU
		{AC0F54FA-DE0D-4002-9EC0-D46F21E6CE23}.Release|x64.Build.0 = Release|Any CPU
		{AC0F54FA-DE0D-4002-9EC0-D46F21E6CE23}.Release|x86.ActiveCfg = Release|Any CPU
		{AC0F54FA-DE0D-4002-9EC0-D46F21E6CE23}.Release|x86.Build.0 = Release|Any CPU
		{C4EF1109-C4F0-41C1-B635-8557E3358383}.Debug|Any CPU.ActiveCfg = Debug|Any CPU
		{C4EF1109-C4F0-41C1-B635-8557E3358383}.Debug|Any CPU.Build.0 = Debug|Any CPU
		{C4EF1109-C4F0-41C1-B635-8557E3358383}.Debug|x64.ActiveCfg = Debug|Any CPU
		{C4EF1109-C4F0-41C1-B635-8557E3358383}.Debug|x64.Build.0 = Debug|Any CPU
		{C4EF1109-C4F0-41C1-B635-8557E3358383}.Debug|x86.ActiveCfg = Debug|Any CPU
		{C4EF1109-C4F0-41C1-B635-8557E3358383}.Debug|x86.Build.0 = Debug|Any CPU
		{C4EF1109-C4F0-41C1-B635-8557E3358383}.Release|Any CPU.ActiveCfg = Release|Any CPU
		{C4EF1109-C4F0-41C1-B635-8557E3358383}.Release|Any CPU.Build.0 = Release|Any CPU
		{C4EF1109-C4F0-41C1-B635-8557E3358383}.Release|x64.ActiveCfg = Release|Any CPU
		{C4EF1109-C4F0-41C1-B635-8557E3358383}.Release|x64.Build.0 = Release|Any CPU
		{C4EF1109-C4F0-41C1-B635-8557E3358383}.Release|x86.ActiveCfg = Release|Any CPU
		{C4EF1109-C4F0-41C1-B635-8557E3358383}.Release|x86.Build.0 = Release|Any CPU
		{C4F27DD5-8194-4F05-AD63-F90107ECCC36}.Debug|Any CPU.ActiveCfg = Debug|Any CPU
		{C4F27DD5-8194-4F05-AD63-F90107ECCC36}.Debug|Any CPU.Build.0 = Debug|Any CPU
		{C4F27DD5-8194-4F05-AD63-F90107ECCC36}.Debug|x64.ActiveCfg = Debug|Any CPU
		{C4F27DD5-8194-4F05-AD63-F90107ECCC36}.Debug|x64.Build.0 = Debug|Any CPU
		{C4F27DD5-8194-4F05-AD63-F90107ECCC36}.Debug|x86.ActiveCfg = Debug|Any CPU
		{C4F27DD5-8194-4F05-AD63-F90107ECCC36}.Debug|x86.Build.0 = Debug|Any CPU
		{C4F27DD5-8194-4F05-AD63-F90107ECCC36}.Release|Any CPU.ActiveCfg = Release|Any CPU
		{C4F27DD5-8194-4F05-AD63-F90107ECCC36}.Release|Any CPU.Build.0 = Release|Any CPU
		{C4F27DD5-8194-4F05-AD63-F90107ECCC36}.Release|x64.ActiveCfg = Release|Any CPU
		{C4F27DD5-8194-4F05-AD63-F90107ECCC36}.Release|x64.Build.0 = Release|Any CPU
		{C4F27DD5-8194-4F05-AD63-F90107ECCC36}.Release|x86.ActiveCfg = Release|Any CPU
		{C4F27DD5-8194-4F05-AD63-F90107ECCC36}.Release|x86.Build.0 = Release|Any CPU
		{D8E78C24-8BDC-4E94-9E27-59216D29512E}.Debug|Any CPU.ActiveCfg = Debug|Any CPU
		{D8E78C24-8BDC-4E94-9E27-59216D29512E}.Debug|Any CPU.Build.0 = Debug|Any CPU
		{D8E78C24-8BDC-4E94-9E27-59216D29512E}.Debug|x64.ActiveCfg = Debug|Any CPU
		{D8E78C24-8BDC-4E94-9E27-59216D29512E}.Debug|x64.Build.0 = Debug|Any CPU
		{D8E78C24-8BDC-4E94-9E27-59216D29512E}.Debug|x86.ActiveCfg = Debug|Any CPU
		{D8E78C24-8BDC-4E94-9E27-59216D29512E}.Debug|x86.Build.0 = Debug|Any CPU
		{D8E78C24-8BDC-4E94-9E27-59216D29512E}.Release|Any CPU.ActiveCfg = Release|Any CPU
		{D8E78C24-8BDC-4E94-9E27-59216D29512E}.Release|Any CPU.Build.0 = Release|Any CPU
		{D8E78C24-8BDC-4E94-9E27-59216D29512E}.Release|x64.ActiveCfg = Release|Any CPU
		{D8E78C24-8BDC-4E94-9E27-59216D29512E}.Release|x64.Build.0 = Release|Any CPU
		{D8E78C24-8BDC-4E94-9E27-59216D29512E}.Release|x86.ActiveCfg = Release|Any CPU
		{D8E78C24-8BDC-4E94-9E27-59216D29512E}.Release|x86.Build.0 = Release|Any CPU
	EndGlobalSection
	GlobalSection(SolutionProperties) = preSolution
		HideSolutionNode = FALSE
	EndGlobalSection
EndGlobal
